<?xml version="1.0" encoding="UTF-8" standalone="yes" ?>
<CodeBlocks_project_file>
	<FileVersion major="1" minor="6" />
	<Project>
		<Option title="RayTracingCUDA_TJ" />
		<Option pch_mode="2" />
		<Option compiler="null" />
		<Build>
			<Target title="Release">
				<Option output="bin/Release/RayTracingCUDA_TJ" prefix_auto="1" extension_auto="1" />
				<Option object_output="obj/Release/" />
				<Option type="1" />
				<Option compiler="null" />
			</Target>
		</Build>
		<Unit filename="HandlesStructures.cuh" />
		<Unit filename="RayTraceCUDA.cu" />
		<Unit filename="RayTraceCUDA.cuh" />
		<Unit filename="RayTraceCUDA_kernel.cu" />
		<Unit filename="RayTraceCUDA_kernel.cuh" />
		<Unit filename="RayTracing.cu" />
		<Unit filename="rcstruct.cuh" />
		<Extensions>
			<code_completion />
			<envvars />
			<debugger />
			<lib_finder disable_auto="1" />
		</Extensions>
	</Project>
</CodeBlocks_project_file>
